
Microsoft Visual Studio Solution File, Format Version 12.00
# Visual Studio Version 17
VisualStudioVersion = 17.14.36414.22 d17.14
MinimumVisualStudioVersion = 10.0.40219.1
Project("{FAE04EC0-301F-11D3-BF4B-00C04F79EFBC}") = "SanatoriumStaro", "SanatoriumStaro\SanatoriumStaro.csproj", "{3DCE08A8-E2B0-474C-98D8-199538B1DFAF}"
EndProject
Global
	GlobalSection(SolutionConfigurationPlatforms) = preSolution
		Debug|Any CPU = Debug|Any CPU
		Release|Any CPU = Release|Any CPU
	EndGlobalSection
	GlobalSection(ProjectConfigurationPlatforms) = postSolution
		{3DCE08A8-E2B0-474C-98D8-199538B1DFAF}.Debug|Any CPU.ActiveCfg = Debug|Any CPU
		{3DCE08A8-E2B0-474C-98D8-199538B1DFAF}.Debug|Any CPU.Build.0 = Debug|Any CPU
		{3DCE08A8-E2B0-474C-98D8-199538B1DFAF}.Release|Any CPU.ActiveCfg = Release|Any CPU
		{3DCE08A8-E2B0-474C-98D8-199538B1DFAF}.Release|Any CPU.Build.0 = Release|Any CPU
	EndGlobalSection
	GlobalSection(SolutionProperties) = preSolution
		HideSolutionNode = FALSE
	EndGlobalSection
	GlobalSection(ExtensibilityGlobals) = postSolution
		SolutionGuid = {C32F64E2-D126-4113-ABD1-AA9384229BF0}
	EndGlobalSection
EndGlobal
