
Microsoft Visual Studio Solution File, Format Version 12.00
# Visual Studio Version 17
VisualStudioVersion = 17.14.36414.22 d17.14
MinimumVisualStudioVersion = 10.0.40219.1
Project("{FAE04EC0-301F-11D3-BF4B-00C04F79EFBC}") = "paseka", "paseka\paseka.csproj", "{772D1284-7E61-41D8-A636-42D9612CAE5E}"
EndProject
Global
	GlobalSection(SolutionConfigurationPlatforms) = preSolution
		Debug|Any CPU = Debug|Any CPU
		Release|Any CPU = Release|Any CPU
	EndGlobalSection
	GlobalSection(ProjectConfigurationPlatforms) = postSolution
		{772D1284-7E61-41D8-A636-42D9612CAE5E}.Debug|Any CPU.ActiveCfg = Debug|Any CPU
		{772D1284-7E61-41D8-A636-42D9612CAE5E}.Debug|Any CPU.Build.0 = Debug|Any CPU
		{772D1284-7E61-41D8-A636-42D9612CAE5E}.Release|Any CPU.ActiveCfg = Release|Any CPU
		{772D1284-7E61-41D8-A636-42D9612CAE5E}.Release|Any CPU.Build.0 = Release|Any CPU
	EndGlobalSection
	GlobalSection(SolutionProperties) = preSolution
		HideSolutionNode = FALSE
	EndGlobalSection
	GlobalSection(ExtensibilityGlobals) = postSolution
		SolutionGuid = {E373C149-872F-4BB1-B6BD-1D2BD7C49549}
	EndGlobalSection
EndGlobal
